
Microsoft Visual Studio Solution File, Format Version 12.00
# Visual Studio Version 17
VisualStudioVersion = 17.4.33103.184
MinimumVisualStudioVersion = 10.0.40219.1
Project("{FAE04EC0-301F-11D3-BF4B-00C04F79EFBC}") = "Exercicios01ao06", "Exercicios01ao06.csproj", "{D9149EE0-1416-4F66-8DE1-219AC28ED7F6}"
EndProject
Global
	GlobalSection(SolutionConfigurationPlatforms) = preSolution
		Debug|Any CPU = Debug|Any CPU
		Release|Any CPU = Release|Any CPU
	EndGlobalSection
	GlobalSection(ProjectConfigurationPlatforms) = postSolution
		{D9149EE0-1416-4F66-8DE1-219AC28ED7F6}.Debug|Any CPU.ActiveCfg = Debug|Any CPU
		{D9149EE0-1416-4F66-8DE1-219AC28ED7F6}.Debug|Any CPU.Build.0 = Debug|Any CPU
		{D9149EE0-1416-4F66-8DE1-219AC28ED7F6}.Release|Any CPU.ActiveCfg = Release|Any CPU
		{D9149EE0-1416-4F66-8DE1-219AC28ED7F6}.Release|Any CPU.Build.0 = Release|Any CPU
	EndGlobalSection
	GlobalSection(SolutionProperties) = preSolution
		HideSolutionNode = FALSE
	EndGlobalSection
	GlobalSection(ExtensibilityGlobals) = postSolution
		SolutionGuid = {95805388-46D8-415C-A32F-C8FD6BDBB2A0}
	EndGlobalSection
EndGlobal
